
Microsoft Visual Studio Solution File, Format Version 12.00
# Visual Studio 15
VisualStudioVersion = 15.0.27428.2037
MinimumVisualStudioVersion = 10.0.40219.1
Project("{8BC9CEB8-8B4A-11D0-8D11-00A0C91BC942}") = "CPlusPlusLab1", "CPlusPlusLab1\CPlusPlusLab1.vcxproj", "{E13324CD-1776-402C-A227-7F29C27238CE}"
EndProject
Global
	GlobalSection(SolutionConfigurationPlatforms) = preSolution
		Debug|x64 = Debug|x64
		Debug|x86 = Debug|x86
		Release|x64 = Release|x64
		Release|x86 = Release|x86
	EndGlobalSection
	GlobalSection(ProjectConfigurationPlatforms) = postSolution
		{E13324CD-1776-402C-A227-7F29C27238CE}.Debug|x64.ActiveCfg = Debug|x64
		{E13324CD-1776-402C-A227-7F29C27238CE}.Debug|x64.Build.0 = Debug|x64
		{E13324CD-1776-402C-A227-7F29C27238CE}.Debug|x86.ActiveCfg = Debug|Win32
		{E13324CD-1776-402C-A227-7F29C27238CE}.Debug|x86.Build.0 = Debug|Win32
		{E13324CD-1776-402C-A227-7F29C27238CE}.Release|x64.ActiveCfg = Release|x64
		{E13324CD-1776-402C-A227-7F29C27238CE}.Release|x64.Build.0 = Release|x64
		{E13324CD-1776-402C-A227-7F29C27238CE}.Release|x86.ActiveCfg = Release|Win32
		{E13324CD-1776-402C-A227-7F29C27238CE}.Release|x86.Build.0 = Release|Win32
	EndGlobalSection
	GlobalSection(SolutionProperties) = preSolution
		HideSolutionNode = FALSE
	EndGlobalSection
	GlobalSection(ExtensibilityGlobals) = postSolution
		SolutionGuid = {11205FF9-3DDF-45DD-AD5D-1AA2DBE4588B}
	EndGlobalSection
EndGlobal
